
Microsoft Visual Studio Solution File, Format Version 12.00
# Visual Studio 15
Project("{FAE04EC0-301F-11D3-BF4B-00C04F79EFBC}") = "CheeseMVC", "CheeseMVC\CheeseMVC.csproj", "{75DA5023-D49F-4853-8841-0891DD9E09E6}"
EndProject
Global
	GlobalSection(SolutionConfigurationPlatforms) = preSolution
		Debug|Any CPU = Debug|Any CPU
		Release|Any CPU = Release|Any CPU
	EndGlobalSection
	GlobalSection(ProjectConfigurationPlatforms) = postSolution
		{75DA5023-D49F-4853-8841-0891DD9E09E6}.Debug|Any CPU.ActiveCfg = Debug|Any CPU
		{75DA5023-D49F-4853-8841-0891DD9E09E6}.Debug|Any CPU.Build.0 = Debug|Any CPU
		{75DA5023-D49F-4853-8841-0891DD9E09E6}.Release|Any CPU.ActiveCfg = Release|Any CPU
		{75DA5023-D49F-4853-8841-0891DD9E09E6}.Release|Any CPU.Build.0 = Release|Any CPU
	EndGlobalSection
EndGlobal
